// !$*UTF8*$!
{
	archiveVersion = 1;
	classes = {
	};
	objectVersion = 50;
	objects = {

/* Begin PBXBuildFile section */
		42D3F8A926E1CE5000C3EFB5 /* Tests_iOS.swift in Sources */ = {isa = PBXBuildFile; fileRef = 42D3F8A826E1CE5000C3EFB5 /* Tests_iOS.swift */; };
		42D3F8B426E1CE5000C3EFB5 /* Tests_macOS.swift in Sources */ = {isa = PBXBuildFile; fileRef = 42D3F8B326E1CE5000C3EFB5 /* Tests_macOS.swift */; };
		42D3F8B626E1CE5000C3EFB5 /* LinkBox.xcdatamodeld in Sources */ = {isa = PBXBuildFile; fileRef = 42D3F88A26E1CE4D00C3EFB5 /* LinkBox.xcdatamodeld */; };
		42D3F8B726E1CE5000C3EFB5 /* LinkBox.xcdatamodeld in Sources */ = {isa = PBXBuildFile; fileRef = 42D3F88A26E1CE4D00C3EFB5 /* LinkBox.xcdatamodeld */; };
		42D3F8B826E1CE5000C3EFB5 /* LinkBoxApp.swift in Sources */ = {isa = PBXBuildFile; fileRef = 42D3F88C26E1CE4D00C3EFB5 /* LinkBoxApp.swift */; };
		42D3F8B926E1CE5000C3EFB5 /* LinkBoxApp.swift in Sources */ = {isa = PBXBuildFile; fileRef = 42D3F88C26E1CE4D00C3EFB5 /* LinkBoxApp.swift */; };
		42D3F8BC26E1CE5000C3EFB5 /* Persistence.swift in Sources */ = {isa = PBXBuildFile; fileRef = 42D3F88E26E1CE4D00C3EFB5 /* Persistence.swift */; };
		42D3F8BD26E1CE5000C3EFB5 /* Persistence.swift in Sources */ = {isa = PBXBuildFile; fileRef = 42D3F88E26E1CE4D00C3EFB5 /* Persistence.swift */; };
		42D3F8BE26E1CE5000C3EFB5 /* Assets.xcassets in Resources */ = {isa = PBXBuildFile; fileRef = 42D3F88F26E1CE4F00C3EFB5 /* Assets.xcassets */; };
		42D3F8BF26E1CE5000C3EFB5 /* Assets.xcassets in Resources */ = {isa = PBXBuildFile; fileRef = 42D3F88F26E1CE4F00C3EFB5 /* Assets.xcassets */; };
		42D3F8D126E1CE6D00C3EFB5 /* CloudKit.framework in Frameworks */ = {isa = PBXBuildFile; fileRef = 42D3F8D026E1CE6D00C3EFB5 /* CloudKit.framework */; };
		42D3F8D326E1D31600C3EFB5 /* FoldersView.swift in Sources */ = {isa = PBXBuildFile; fileRef = 42D3F8D226E1D31600C3EFB5 /* FoldersView.swift */; };
		42D3F8D426E1D31600C3EFB5 /* FoldersView.swift in Sources */ = {isa = PBXBuildFile; fileRef = 42D3F8D226E1D31600C3EFB5 /* FoldersView.swift */; };
		42D3F8D626E1D32C00C3EFB5 /* LinksView.swift in Sources */ = {isa = PBXBuildFile; fileRef = 42D3F8D526E1D32C00C3EFB5 /* LinksView.swift */; };
		42D3F8D726E1D32C00C3EFB5 /* LinksView.swift in Sources */ = {isa = PBXBuildFile; fileRef = 42D3F8D526E1D32C00C3EFB5 /* LinksView.swift */; };
		42D3F8D926E1D4E000C3EFB5 /* AddFolderView.swift in Sources */ = {isa = PBXBuildFile; fileRef = 42D3F8D826E1D4E000C3EFB5 /* AddFolderView.swift */; };
		42D3F8DA26E1D4E000C3EFB5 /* AddFolderView.swift in Sources */ = {isa = PBXBuildFile; fileRef = 42D3F8D826E1D4E000C3EFB5 /* AddFolderView.swift */; };
		42D3F8E226E1D8CA00C3EFB5 /* ShareViewController.swift in Sources */ = {isa = PBXBuildFile; fileRef = 42D3F8E126E1D8CA00C3EFB5 /* ShareViewController.swift */; };
		42D3F8E526E1D8CA00C3EFB5 /* MainInterface.storyboard in Resources */ = {isa = PBXBuildFile; fileRef = 42D3F8E326E1D8CA00C3EFB5 /* MainInterface.storyboard */; };
		42D3F8E926E1D8CA00C3EFB5 /* LinkBox Add.appex in Embed App Extensions */ = {isa = PBXBuildFile; fileRef = 42D3F8DF26E1D8CA00C3EFB5 /* LinkBox Add.appex */; settings = {ATTRIBUTES = (RemoveHeadersOnCopy, ); }; };
		42D3F8EF26E1E0FE00C3EFB5 /* AddLinkView.swift in Sources */ = {isa = PBXBuildFile; fileRef = 42D3F8EE26E1E0FE00C3EFB5 /* AddLinkView.swift */; };
		42D3F8F026E1E0FE00C3EFB5 /* AddLinkView.swift in Sources */ = {isa = PBXBuildFile; fileRef = 42D3F8EE26E1E0FE00C3EFB5 /* AddLinkView.swift */; };
		42D3F8F726E1E75C00C3EFB5 /* LinkBox Watch WatchKit App.app in Embed Watch Content */ = {isa = PBXBuildFile; fileRef = 42D3F8F626E1E75C00C3EFB5 /* LinkBox Watch WatchKit App.app */; settings = {ATTRIBUTES = (RemoveHeadersOnCopy, ); }; };
		42D3F8FC26E1E75D00C3EFB5 /* Assets.xcassets in Resources */ = {isa = PBXBuildFile; fileRef = 42D3F8FB26E1E75D00C3EFB5 /* Assets.xcassets */; };
		42D3F90326E1E75D00C3EFB5 /* LinkBox Watch WatchKit Extension.appex in Embed App Extensions */ = {isa = PBXBuildFile; fileRef = 42D3F90226E1E75D00C3EFB5 /* LinkBox Watch WatchKit Extension.appex */; settings = {ATTRIBUTES = (RemoveHeadersOnCopy, ); }; };
		42D3F90826E1E75D00C3EFB5 /* LinkBoxApp.swift in Sources */ = {isa = PBXBuildFile; fileRef = 42D3F90726E1E75D00C3EFB5 /* LinkBoxApp.swift */; };
		42D3F90C26E1E75D00C3EFB5 /* NotificationController.swift in Sources */ = {isa = PBXBuildFile; fileRef = 42D3F90B26E1E75D00C3EFB5 /* NotificationController.swift */; };
		42D3F90E26E1E75D00C3EFB5 /* NotificationView.swift in Sources */ = {isa = PBXBuildFile; fileRef = 42D3F90D26E1E75D00C3EFB5 /* NotificationView.swift */; };
		42D3F91026E1E75D00C3EFB5 /* ComplicationController.swift in Sources */ = {isa = PBXBuildFile; fileRef = 42D3F90F26E1E75D00C3EFB5 /* ComplicationController.swift */; };
		42D3F91226E1E75E00C3EFB5 /* Assets.xcassets in Resources */ = {isa = PBXBuildFile; fileRef = 42D3F91126E1E75E00C3EFB5 /* Assets.xcassets */; };
		42D3F91526E1E75E00C3EFB5 /* Preview Assets.xcassets in Resources */ = {isa = PBXBuildFile; fileRef = 42D3F91426E1E75E00C3EFB5 /* Preview Assets.xcassets */; };
		42D3F92126E1E75E00C3EFB5 /* LinkBox_WatchTests.swift in Sources */ = {isa = PBXBuildFile; fileRef = 42D3F92026E1E75E00C3EFB5 /* LinkBox_WatchTests.swift */; };
		42D3F92C26E1E75E00C3EFB5 /* LinkBox_WatchUITests.swift in Sources */ = {isa = PBXBuildFile; fileRef = 42D3F92B26E1E75E00C3EFB5 /* LinkBox_WatchUITests.swift */; };
		42D3F94026E1E79700C3EFB5 /* FoldersView.swift in Sources */ = {isa = PBXBuildFile; fileRef = 42D3F8D226E1D31600C3EFB5 /* FoldersView.swift */; };
		42D3F94126E1E79700C3EFB5 /* AddLinkView.swift in Sources */ = {isa = PBXBuildFile; fileRef = 42D3F8EE26E1E0FE00C3EFB5 /* AddLinkView.swift */; };
		42D3F94326E1E79700C3EFB5 /* AddFolderView.swift in Sources */ = {isa = PBXBuildFile; fileRef = 42D3F8D826E1D4E000C3EFB5 /* AddFolderView.swift */; };
		42D3F94426E1E79700C3EFB5 /* LinksView.swift in Sources */ = {isa = PBXBuildFile; fileRef = 42D3F8D526E1D32C00C3EFB5 /* LinksView.swift */; };
		42D3F94526E1E79700C3EFB5 /* Persistence.swift in Sources */ = {isa = PBXBuildFile; fileRef = 42D3F88E26E1CE4D00C3EFB5 /* Persistence.swift */; };
		42D3F94826E1E81000C3EFB5 /* LinkBox.xcdatamodeld in Sources */ = {isa = PBXBuildFile; fileRef = 42D3F94626E1E81000C3EFB5 /* LinkBox.xcdatamodeld */; };
		42D3F94B26E1EA9700C3EFB5 /* CloudKit.framework in Frameworks */ = {isa = PBXBuildFile; fileRef = 42D3F94A26E1EA9700C3EFB5 /* CloudKit.framework */; };
		42D3F95026E1FB2700C3EFB5 /* EditLinkView.swift in Sources */ = {isa = PBXBuildFile; fileRef = 42D3F94F26E1FB2700C3EFB5 /* EditLinkView.swift */; };
		42D3F95126E1FB2700C3EFB5 /* EditLinkView.swift in Sources */ = {isa = PBXBuildFile; fileRef = 42D3F94F26E1FB2700C3EFB5 /* EditLinkView.swift */; };
		42D3F95226E1FB2700C3EFB5 /* EditLinkView.swift in Sources */ = {isa = PBXBuildFile; fileRef = 42D3F94F26E1FB2700C3EFB5 /* EditLinkView.swift */; };
/* End PBXBuildFile section */

/* Begin PBXContainerItemProxy section */
		42D3F8A526E1CE5000C3EFB5 /* PBXContainerItemProxy */ = {
			isa = PBXContainerItemProxy;
			containerPortal = 42D3F88526E1CE4D00C3EFB5 /* Project object */;
			proxyType = 1;
			remoteGlobalIDString = 42D3F89326E1CE4F00C3EFB5;
			remoteInfo = "LinkBox (iOS)";
		};
		42D3F8B026E1CE5000C3EFB5 /* PBXContainerItemProxy */ = {
			isa = PBXContainerItemProxy;
			containerPortal = 42D3F88526E1CE4D00C3EFB5 /* Project object */;
			proxyType = 1;
			remoteGlobalIDString = 42D3F89B26E1CE5000C3EFB5;
			remoteInfo = "LinkBox (macOS)";
		};
		42D3F8E726E1D8CA00C3EFB5 /* PBXContainerItemProxy */ = {
			isa = PBXContainerItemProxy;
			containerPortal = 42D3F88526E1CE4D00C3EFB5 /* Project object */;
			proxyType = 1;
			remoteGlobalIDString = 42D3F8DE26E1D8CA00C3EFB5;
			remoteInfo = "LinkBox Add";
		};
		42D3F8F826E1E75C00C3EFB5 /* PBXContainerItemProxy */ = {
			isa = PBXContainerItemProxy;
			containerPortal = 42D3F88526E1CE4D00C3EFB5 /* Project object */;
			proxyType = 1;
			remoteGlobalIDString = 42D3F8F526E1E75C00C3EFB5;
			remoteInfo = "LinkBox Watch WatchKit App";
		};
		42D3F90426E1E75D00C3EFB5 /* PBXContainerItemProxy */ = {
			isa = PBXContainerItemProxy;
			containerPortal = 42D3F88526E1CE4D00C3EFB5 /* Project object */;
			proxyType = 1;
			remoteGlobalIDString = 42D3F90126E1E75D00C3EFB5;
			remoteInfo = "LinkBox Watch WatchKit Extension";
		};
		42D3F91D26E1E75E00C3EFB5 /* PBXContainerItemProxy */ = {
			isa = PBXContainerItemProxy;
			containerPortal = 42D3F88526E1CE4D00C3EFB5 /* Project object */;
			proxyType = 1;
			remoteGlobalIDString = 42D3F90126E1E75D00C3EFB5;
			remoteInfo = "LinkBox Watch WatchKit Extension";
		};
		42D3F92826E1E75E00C3EFB5 /* PBXContainerItemProxy */ = {
			isa = PBXContainerItemProxy;
			containerPortal = 42D3F88526E1CE4D00C3EFB5 /* Project object */;
			proxyType = 1;
			remoteGlobalIDString = 42D3F8F526E1E75C00C3EFB5;
			remoteInfo = "LinkBox Watch WatchKit App";
		};
/* End PBXContainerItemProxy section */

/* Begin PBXCopyFilesBuildPhase section */
		42D3F8ED26E1D8CA00C3EFB5 /* Embed App Extensions */ = {
			isa = PBXCopyFilesBuildPhase;
			buildActionMask = 2147483647;
			dstPath = "";
			dstSubfolderSpec = 13;
			files = (
				42D3F8E926E1D8CA00C3EFB5 /* LinkBox Add.appex in Embed App Extensions */,
			);
			name = "Embed App Extensions";
			runOnlyForDeploymentPostprocessing = 0;
		};
		42D3F93126E1E75E00C3EFB5 /* Embed App Extensions */ = {
			isa = PBXCopyFilesBuildPhase;
			buildActionMask = 2147483647;
			dstPath = "";
			dstSubfolderSpec = 13;
			files = (
				42D3F90326E1E75D00C3EFB5 /* LinkBox Watch WatchKit Extension.appex in Embed App Extensions */,
			);
			name = "Embed App Extensions";
			runOnlyForDeploymentPostprocessing = 0;
		};
		42D3F93526E1E75E00C3EFB5 /* Embed Watch Content */ = {
			isa = PBXCopyFilesBuildPhase;
			buildActionMask = 2147483647;
			dstPath = "$(CONTENTS_FOLDER_PATH)/Watch";
			dstSubfolderSpec = 16;
			files = (
				42D3F8F726E1E75C00C3EFB5 /* LinkBox Watch WatchKit App.app in Embed Watch Content */,
			);
			name = "Embed Watch Content";
			runOnlyForDeploymentPostprocessing = 0;
		};
/* End PBXCopyFilesBuildPhase section */

/* Begin PBXFileReference section */
		42D3F88B26E1CE4D00C3EFB5 /* Shared.xcdatamodel */ = {isa = PBXFileReference; lastKnownFileType = wrapper.xcdatamodel; path = Shared.xcdatamodel; sourceTree = "<group>"; };
		42D3F88C26E1CE4D00C3EFB5 /* LinkBoxApp.swift */ = {isa = PBXFileReference; lastKnownFileType = sourcecode.swift; path = LinkBoxApp.swift; sourceTree = "<group>"; };
		42D3F88E26E1CE4D00C3EFB5 /* Persistence.swift */ = {isa = PBXFileReference; lastKnownFileType = sourcecode.swift; path = Persistence.swift; sourceTree = "<group>"; };
		42D3F88F26E1CE4F00C3EFB5 /* Assets.xcassets */ = {isa = PBXFileReference; lastKnownFileType = folder.assetcatalog; path = Assets.xcassets; sourceTree = "<group>"; };
		42D3F89426E1CE4F00C3EFB5 /* LinkBox.app */ = {isa = PBXFileReference; explicitFileType = wrapper.application; includeInIndex = 0; path = LinkBox.app; sourceTree = BUILT_PRODUCTS_DIR; };
		42D3F89726E1CE4F00C3EFB5 /* Info.plist */ = {isa = PBXFileReference; lastKnownFileType = text.plist.xml; path = Info.plist; sourceTree = "<group>"; };
		42D3F89C26E1CE5000C3EFB5 /* LinkBox.app */ = {isa = PBXFileReference; explicitFileType = wrapper.application; includeInIndex = 0; path = LinkBox.app; sourceTree = BUILT_PRODUCTS_DIR; };
		42D3F89E26E1CE5000C3EFB5 /* Info.plist */ = {isa = PBXFileReference; lastKnownFileType = text.plist.xml; path = Info.plist; sourceTree = "<group>"; };
		42D3F89F26E1CE5000C3EFB5 /* macOS.entitlements */ = {isa = PBXFileReference; lastKnownFileType = text.plist.entitlements; path = macOS.entitlements; sourceTree = "<group>"; };
		42D3F8A426E1CE5000C3EFB5 /* Tests iOS.xctest */ = {isa = PBXFileReference; explicitFileType = wrapper.cfbundle; includeInIndex = 0; path = "Tests iOS.xctest"; sourceTree = BUILT_PRODUCTS_DIR; };
		42D3F8A826E1CE5000C3EFB5 /* Tests_iOS.swift */ = {isa = PBXFileReference; lastKnownFileType = sourcecode.swift; path = Tests_iOS.swift; sourceTree = "<group>"; };
		42D3F8AA26E1CE5000C3EFB5 /* Info.plist */ = {isa = PBXFileReference; lastKnownFileType = text.plist.xml; path = Info.plist; sourceTree = "<group>"; };
		42D3F8AF26E1CE5000C3EFB5 /* Tests macOS.xctest */ = {isa = PBXFileReference; explicitFileType = wrapper.cfbundle; includeInIndex = 0; path = "Tests macOS.xctest"; sourceTree = BUILT_PRODUCTS_DIR; };
		42D3F8B326E1CE5000C3EFB5 /* Tests_macOS.swift */ = {isa = PBXFileReference; lastKnownFileType = sourcecode.swift; path = Tests_macOS.swift; sourceTree = "<group>"; };
		42D3F8B526E1CE5000C3EFB5 /* Info.plist */ = {isa = PBXFileReference; lastKnownFileType = text.plist.xml; path = Info.plist; sourceTree = "<group>"; };
		42D3F8CE26E1CE6100C3EFB5 /* LinkBox.entitlements */ = {isa = PBXFileReference; lastKnownFileType = text.plist.entitlements; path = LinkBox.entitlements; sourceTree = "<group>"; };
		42D3F8D026E1CE6D00C3EFB5 /* CloudKit.framework */ = {isa = PBXFileReference; lastKnownFileType = wrapper.framework; name = CloudKit.framework; path = Platforms/iPhoneOS.platform/Developer/SDKs/iPhoneOS14.5.sdk/System/Library/Frameworks/CloudKit.framework; sourceTree = DEVELOPER_DIR; };
		42D3F8D226E1D31600C3EFB5 /* FoldersView.swift */ = {isa = PBXFileReference; lastKnownFileType = sourcecode.swift; path = FoldersView.swift; sourceTree = "<group>"; };
		42D3F8D526E1D32C00C3EFB5 /* LinksView.swift */ = {isa = PBXFileReference; lastKnownFileType = sourcecode.swift; path = LinksView.swift; sourceTree = "<group>"; };
		42D3F8D826E1D4E000C3EFB5 /* AddFolderView.swift */ = {isa = PBXFileReference; lastKnownFileType = sourcecode.swift; path = AddFolderView.swift; sourceTree = "<group>"; };
		42D3F8DF26E1D8CA00C3EFB5 /* LinkBox Add.appex */ = {isa = PBXFileReference; explicitFileType = "wrapper.app-extension"; includeInIndex = 0; path = "LinkBox Add.appex"; sourceTree = BUILT_PRODUCTS_DIR; };
		42D3F8E126E1D8CA00C3EFB5 /* ShareViewController.swift */ = {isa = PBXFileReference; lastKnownFileType = sourcecode.swift; path = ShareViewController.swift; sourceTree = "<group>"; };
		42D3F8E426E1D8CA00C3EFB5 /* Base */ = {isa = PBXFileReference; lastKnownFileType = file.storyboard; name = Base; path = Base.lproj/MainInterface.storyboard; sourceTree = "<group>"; };
		42D3F8E626E1D8CA00C3EFB5 /* Info.plist */ = {isa = PBXFileReference; lastKnownFileType = text.plist.xml; path = Info.plist; sourceTree = "<group>"; };
		42D3F8EE26E1E0FE00C3EFB5 /* AddLinkView.swift */ = {isa = PBXFileReference; lastKnownFileType = sourcecode.swift; path = AddLinkView.swift; sourceTree = "<group>"; };
		42D3F8F326E1E75C00C3EFB5 /* LinkBox Watch.app */ = {isa = PBXFileReference; explicitFileType = wrapper.application; includeInIndex = 0; path = "LinkBox Watch.app"; sourceTree = BUILT_PRODUCTS_DIR; };
		42D3F8F626E1E75C00C3EFB5 /* LinkBox Watch WatchKit App.app */ = {isa = PBXFileReference; explicitFileType = wrapper.application; includeInIndex = 0; path = "LinkBox Watch WatchKit App.app"; sourceTree = BUILT_PRODUCTS_DIR; };
		42D3F8FB26E1E75D00C3EFB5 /* Assets.xcassets */ = {isa = PBXFileReference; lastKnownFileType = folder.assetcatalog; path = Assets.xcassets; sourceTree = "<group>"; };
		42D3F8FD26E1E75D00C3EFB5 /* Info.plist */ = {isa = PBXFileReference; lastKnownFileType = text.plist.xml; path = Info.plist; sourceTree = "<group>"; };
		42D3F90226E1E75D00C3EFB5 /* LinkBox Watch WatchKit Extension.appex */ = {isa = PBXFileReference; explicitFileType = "wrapper.app-extension"; includeInIndex = 0; path = "LinkBox Watch WatchKit Extension.appex"; sourceTree = BUILT_PRODUCTS_DIR; };
		42D3F90726E1E75D00C3EFB5 /* LinkBoxApp.swift */ = {isa = PBXFileReference; lastKnownFileType = sourcecode.swift; path = LinkBoxApp.swift; sourceTree = "<group>"; };
		42D3F90926E1E75D00C3EFB5 /* ContentView.swift */ = {isa = PBXFileReference; lastKnownFileType = sourcecode.swift; path = ContentView.swift; sourceTree = "<group>"; };
		42D3F90B26E1E75D00C3EFB5 /* NotificationController.swift */ = {isa = PBXFileReference; lastKnownFileType = sourcecode.swift; path = NotificationController.swift; sourceTree = "<group>"; };
		42D3F90D26E1E75D00C3EFB5 /* NotificationView.swift */ = {isa = PBXFileReference; lastKnownFileType = sourcecode.swift; path = NotificationView.swift; sourceTree = "<group>"; };
		42D3F90F26E1E75D00C3EFB5 /* ComplicationController.swift */ = {isa = PBXFileReference; lastKnownFileType = sourcecode.swift; path = ComplicationController.swift; sourceTree = "<group>"; };
		42D3F91126E1E75E00C3EFB5 /* Assets.xcassets */ = {isa = PBXFileReference; lastKnownFileType = folder.assetcatalog; path = Assets.xcassets; sourceTree = "<group>"; };
		42D3F91426E1E75E00C3EFB5 /* Preview Assets.xcassets */ = {isa = PBXFileReference; lastKnownFileType = folder.assetcatalog; path = "Preview Assets.xcassets"; sourceTree = "<group>"; };
		42D3F91626E1E75E00C3EFB5 /* Info.plist */ = {isa = PBXFileReference; lastKnownFileType = text.plist.xml; path = Info.plist; sourceTree = "<group>"; };
		42D3F91726E1E75E00C3EFB5 /* PushNotificationPayload.apns */ = {isa = PBXFileReference; lastKnownFileType = text; path = PushNotificationPayload.apns; sourceTree = "<group>"; };
		42D3F91C26E1E75E00C3EFB5 /* LinkBox WatchTests.xctest */ = {isa = PBXFileReference; explicitFileType = wrapper.cfbundle; includeInIndex = 0; path = "LinkBox WatchTests.xctest"; sourceTree = BUILT_PRODUCTS_DIR; };
		42D3F92026E1E75E00C3EFB5 /* LinkBox_WatchTests.swift */ = {isa = PBXFileReference; lastKnownFileType = sourcecode.swift; path = LinkBox_WatchTests.swift; sourceTree = "<group>"; };
		42D3F92226E1E75E00C3EFB5 /* Info.plist */ = {isa = PBXFileReference; lastKnownFileType = text.plist.xml; path = Info.plist; sourceTree = "<group>"; };
		42D3F92726E1E75E00C3EFB5 /* LinkBox WatchUITests.xctest */ = {isa = PBXFileReference; explicitFileType = wrapper.cfbundle; includeInIndex = 0; path = "LinkBox WatchUITests.xctest"; sourceTree = BUILT_PRODUCTS_DIR; };
		42D3F92B26E1E75E00C3EFB5 /* LinkBox_WatchUITests.swift */ = {isa = PBXFileReference; lastKnownFileType = sourcecode.swift; path = LinkBox_WatchUITests.swift; sourceTree = "<group>"; };
		42D3F92D26E1E75E00C3EFB5 /* Info.plist */ = {isa = PBXFileReference; lastKnownFileType = text.plist.xml; path = Info.plist; sourceTree = "<group>"; };
		42D3F94726E1E81000C3EFB5 /* Shared.xcdatamodel */ = {isa = PBXFileReference; lastKnownFileType = wrapper.xcdatamodel; path = Shared.xcdatamodel; sourceTree = "<group>"; };
		42D3F94926E1EA9300C3EFB5 /* LinkBox Watch WatchKit Extension.entitlements */ = {isa = PBXFileReference; lastKnownFileType = text.plist.entitlements; path = "LinkBox Watch WatchKit Extension.entitlements"; sourceTree = "<group>"; };
		42D3F94A26E1EA9700C3EFB5 /* CloudKit.framework */ = {isa = PBXFileReference; lastKnownFileType = wrapper.framework; name = CloudKit.framework; path = Platforms/WatchOS.platform/Developer/SDKs/WatchOS7.4.sdk/System/Library/Frameworks/CloudKit.framework; sourceTree = DEVELOPER_DIR; };
		42D3F94F26E1FB2700C3EFB5 /* EditLinkView.swift */ = {isa = PBXFileReference; lastKnownFileType = sourcecode.swift; path = EditLinkView.swift; sourceTree = "<group>"; };
/* End PBXFileReference section */

/* Begin PBXFrameworksBuildPhase section */
		42D3F89126E1CE4F00C3EFB5 /* Frameworks */ = {
			isa = PBXFrameworksBuildPhase;
			buildActionMask = 2147483647;
			files = (
				42D3F8D126E1CE6D00C3EFB5 /* CloudKit.framework in Frameworks */,
			);
			runOnlyForDeploymentPostprocessing = 0;
		};
		42D3F89926E1CE5000C3EFB5 /* Frameworks */ = {
			isa = PBXFrameworksBuildPhase;
			buildActionMask = 2147483647;
			files = (
			);
			runOnlyForDeploymentPostprocessing = 0;
		};
		42D3F8A126E1CE5000C3EFB5 /* Frameworks */ = {
			isa = PBXFrameworksBuildPhase;
			buildActionMask = 2147483647;
			files = (
			);
			runOnlyForDeploymentPostprocessing = 0;
		};
		42D3F8AC26E1CE5000C3EFB5 /* Frameworks */ = {
			isa = PBXFrameworksBuildPhase;
			buildActionMask = 2147483647;
			files = (
			);
			runOnlyForDeploymentPostprocessing = 0;
		};
		42D3F8DC26E1D8CA00C3EFB5 /* Frameworks */ = {
			isa = PBXFrameworksBuildPhase;
			buildActionMask = 2147483647;
			files = (
			);
			runOnlyForDeploymentPostprocessing = 0;
		};
		42D3F8FF26E1E75D00C3EFB5 /* Frameworks */ = {
			isa = PBXFrameworksBuildPhase;
			buildActionMask = 2147483647;
			files = (
				42D3F94B26E1EA9700C3EFB5 /* CloudKit.framework in Frameworks */,
			);
			runOnlyForDeploymentPostprocessing = 0;
		};
		42D3F91926E1E75E00C3EFB5 /* Frameworks */ = {
			isa = PBXFrameworksBuildPhase;
			buildActionMask = 2147483647;
			files = (
			);
			runOnlyForDeploymentPostprocessing = 0;
		};
		42D3F92426E1E75E00C3EFB5 /* Frameworks */ = {
			isa = PBXFrameworksBuildPhase;
			buildActionMask = 2147483647;
			files = (
			);
			runOnlyForDeploymentPostprocessing = 0;
		};
/* End PBXFrameworksBuildPhase section */

/* Begin PBXGroup section */
		42D3F88426E1CE4D00C3EFB5 = {
			isa = PBXGroup;
			children = (
				42D3F8CE26E1CE6100C3EFB5 /* LinkBox.entitlements */,
				42D3F88926E1CE4D00C3EFB5 /* Shared */,
				42D3F89626E1CE4F00C3EFB5 /* iOS */,
				42D3F89D26E1CE5000C3EFB5 /* macOS */,
				42D3F8A726E1CE5000C3EFB5 /* Tests iOS */,
				42D3F8B226E1CE5000C3EFB5 /* Tests macOS */,
				42D3F8E026E1D8CA00C3EFB5 /* LinkBox Add */,
				42D3F8FA26E1E75C00C3EFB5 /* LinkBox Watch WatchKit App */,
				42D3F90626E1E75D00C3EFB5 /* LinkBox Watch WatchKit Extension */,
				42D3F91F26E1E75E00C3EFB5 /* LinkBox WatchTests */,
				42D3F92A26E1E75E00C3EFB5 /* LinkBox WatchUITests */,
				42D3F89526E1CE4F00C3EFB5 /* Products */,
				42D3F8CF26E1CE6D00C3EFB5 /* Frameworks */,
			);
			sourceTree = "<group>";
		};
		42D3F88926E1CE4D00C3EFB5 /* Shared */ = {
			isa = PBXGroup;
			children = (
				42D3F8D226E1D31600C3EFB5 /* FoldersView.swift */,
				42D3F8D826E1D4E000C3EFB5 /* AddFolderView.swift */,
				42D3F8D526E1D32C00C3EFB5 /* LinksView.swift */,
				42D3F94F26E1FB2700C3EFB5 /* EditLinkView.swift */,
				42D3F8EE26E1E0FE00C3EFB5 /* AddLinkView.swift */,
				42D3F88C26E1CE4D00C3EFB5 /* LinkBoxApp.swift */,
				42D3F88E26E1CE4D00C3EFB5 /* Persistence.swift */,
				42D3F88F26E1CE4F00C3EFB5 /* Assets.xcassets */,
				42D3F88A26E1CE4D00C3EFB5 /* LinkBox.xcdatamodeld */,
			);
			path = Shared;
			sourceTree = "<group>";
		};
		42D3F89526E1CE4F00C3EFB5 /* Products */ = {
			isa = PBXGroup;
			children = (
				42D3F89426E1CE4F00C3EFB5 /* LinkBox.app */,
				42D3F89C26E1CE5000C3EFB5 /* LinkBox.app */,
				42D3F8A426E1CE5000C3EFB5 /* Tests iOS.xctest */,
				42D3F8AF26E1CE5000C3EFB5 /* Tests macOS.xctest */,
				42D3F8DF26E1D8CA00C3EFB5 /* LinkBox Add.appex */,
				42D3F8F326E1E75C00C3EFB5 /* LinkBox Watch.app */,
				42D3F8F626E1E75C00C3EFB5 /* LinkBox Watch WatchKit App.app */,
				42D3F90226E1E75D00C3EFB5 /* LinkBox Watch WatchKit Extension.appex */,
				42D3F91C26E1E75E00C3EFB5 /* LinkBox WatchTests.xctest */,
				42D3F92726E1E75E00C3EFB5 /* LinkBox WatchUITests.xctest */,
			);
			name = Products;
			sourceTree = "<group>";
		};
		42D3F89626E1CE4F00C3EFB5 /* iOS */ = {
			isa = PBXGroup;
			children = (
				42D3F89726E1CE4F00C3EFB5 /* Info.plist */,
			);
			path = iOS;
			sourceTree = "<group>";
		};
		42D3F89D26E1CE5000C3EFB5 /* macOS */ = {
			isa = PBXGroup;
			children = (
				42D3F89E26E1CE5000C3EFB5 /* Info.plist */,
				42D3F89F26E1CE5000C3EFB5 /* macOS.entitlements */,
			);
			path = macOS;
			sourceTree = "<group>";
		};
		42D3F8A726E1CE5000C3EFB5 /* Tests iOS */ = {
			isa = PBXGroup;
			children = (
				42D3F8A826E1CE5000C3EFB5 /* Tests_iOS.swift */,
				42D3F8AA26E1CE5000C3EFB5 /* Info.plist */,
			);
			path = "Tests iOS";
			sourceTree = "<group>";
		};
		42D3F8B226E1CE5000C3EFB5 /* Tests macOS */ = {
			isa = PBXGroup;
			children = (
				42D3F8B326E1CE5000C3EFB5 /* Tests_macOS.swift */,
				42D3F8B526E1CE5000C3EFB5 /* Info.plist */,
			);
			path = "Tests macOS";
			sourceTree = "<group>";
		};
		42D3F8CF26E1CE6D00C3EFB5 /* Frameworks */ = {
			isa = PBXGroup;
			children = (
				42D3F94A26E1EA9700C3EFB5 /* CloudKit.framework */,
				42D3F8D026E1CE6D00C3EFB5 /* CloudKit.framework */,
			);
			name = Frameworks;
			sourceTree = "<group>";
		};
		42D3F8E026E1D8CA00C3EFB5 /* LinkBox Add */ = {
			isa = PBXGroup;
			children = (
				42D3F8E126E1D8CA00C3EFB5 /* ShareViewController.swift */,
				42D3F8E326E1D8CA00C3EFB5 /* MainInterface.storyboard */,
				42D3F8E626E1D8CA00C3EFB5 /* Info.plist */,
			);
			path = "LinkBox Add";
			sourceTree = "<group>";
		};
		42D3F8FA26E1E75C00C3EFB5 /* LinkBox Watch WatchKit App */ = {
			isa = PBXGroup;
			children = (
				42D3F8FB26E1E75D00C3EFB5 /* Assets.xcassets */,
				42D3F8FD26E1E75D00C3EFB5 /* Info.plist */,
			);
			path = "LinkBox Watch WatchKit App";
			sourceTree = "<group>";
		};
		42D3F90626E1E75D00C3EFB5 /* LinkBox Watch WatchKit Extension */ = {
			isa = PBXGroup;
			children = (
				42D3F94926E1EA9300C3EFB5 /* LinkBox Watch WatchKit Extension.entitlements */,
				42D3F94626E1E81000C3EFB5 /* LinkBox.xcdatamodeld */,
				42D3F90726E1E75D00C3EFB5 /* LinkBoxApp.swift */,
				42D3F90926E1E75D00C3EFB5 /* ContentView.swift */,
				42D3F90B26E1E75D00C3EFB5 /* NotificationController.swift */,
				42D3F90D26E1E75D00C3EFB5 /* NotificationView.swift */,
				42D3F90F26E1E75D00C3EFB5 /* ComplicationController.swift */,
				42D3F91126E1E75E00C3EFB5 /* Assets.xcassets */,
				42D3F91626E1E75E00C3EFB5 /* Info.plist */,
				42D3F91726E1E75E00C3EFB5 /* PushNotificationPayload.apns */,
				42D3F91326E1E75E00C3EFB5 /* Preview Content */,
			);
			path = "LinkBox Watch WatchKit Extension";
			sourceTree = "<group>";
		};
		42D3F91326E1E75E00C3EFB5 /* Preview Content */ = {
			isa = PBXGroup;
			children = (
				42D3F91426E1E75E00C3EFB5 /* Preview Assets.xcassets */,
			);
			path = "Preview Content";
			sourceTree = "<group>";
		};
		42D3F91F26E1E75E00C3EFB5 /* LinkBox WatchTests */ = {
			isa = PBXGroup;
			children = (
				42D3F92026E1E75E00C3EFB5 /* LinkBox_WatchTests.swift */,
				42D3F92226E1E75E00C3EFB5 /* Info.plist */,
			);
			path = "LinkBox WatchTests";
			sourceTree = "<group>";
		};
		42D3F92A26E1E75E00C3EFB5 /* LinkBox WatchUITests */ = {
			isa = PBXGroup;
			children = (
				42D3F92B26E1E75E00C3EFB5 /* LinkBox_WatchUITests.swift */,
				42D3F92D26E1E75E00C3EFB5 /* Info.plist */,
			);
			path = "LinkBox WatchUITests";
			sourceTree = "<group>";
		};
/* End PBXGroup section */

/* Begin PBXNativeTarget section */
		42D3F89326E1CE4F00C3EFB5 /* LinkBox (iOS) */ = {
			isa = PBXNativeTarget;
			buildConfigurationList = 42D3F8C226E1CE5000C3EFB5 /* Build configuration list for PBXNativeTarget "LinkBox (iOS)" */;
			buildPhases = (
				42D3F89026E1CE4F00C3EFB5 /* Sources */,
				42D3F89126E1CE4F00C3EFB5 /* Frameworks */,
				42D3F89226E1CE4F00C3EFB5 /* Resources */,
				42D3F8ED26E1D8CA00C3EFB5 /* Embed App Extensions */,
			);
			buildRules = (
			);
			dependencies = (
				42D3F8E826E1D8CA00C3EFB5 /* PBXTargetDependency */,
			);
			name = "LinkBox (iOS)";
			productName = "LinkBox (iOS)";
			productReference = 42D3F89426E1CE4F00C3EFB5 /* LinkBox.app */;
			productType = "com.apple.product-type.application";
		};
		42D3F89B26E1CE5000C3EFB5 /* LinkBox (macOS) */ = {
			isa = PBXNativeTarget;
			buildConfigurationList = 42D3F8C526E1CE5000C3EFB5 /* Build configuration list for PBXNativeTarget "LinkBox (macOS)" */;
			buildPhases = (
				42D3F89826E1CE5000C3EFB5 /* Sources */,
				42D3F89926E1CE5000C3EFB5 /* Frameworks */,
				42D3F89A26E1CE5000C3EFB5 /* Resources */,
			);
			buildRules = (
			);
			dependencies = (
			);
			name = "LinkBox (macOS)";
			productName = "LinkBox (macOS)";
			productReference = 42D3F89C26E1CE5000C3EFB5 /* LinkBox.app */;
			productType = "com.apple.product-type.application";
		};
		42D3F8A326E1CE5000C3EFB5 /* Tests iOS */ = {
			isa = PBXNativeTarget;
			buildConfigurationList = 42D3F8C826E1CE5000C3EFB5 /* Build configuration list for PBXNativeTarget "Tests iOS" */;
			buildPhases = (
				42D3F8A026E1CE5000C3EFB5 /* Sources */,
				42D3F8A126E1CE5000C3EFB5 /* Frameworks */,
				42D3F8A226E1CE5000C3EFB5 /* Resources */,
			);
			buildRules = (
			);
			dependencies = (
				42D3F8A626E1CE5000C3EFB5 /* PBXTargetDependency */,
			);
			name = "Tests iOS";
			productName = "Tests iOS";
			productReference = 42D3F8A426E1CE5000C3EFB5 /* Tests iOS.xctest */;
			productType = "com.apple.product-type.bundle.ui-testing";
		};
		42D3F8AE26E1CE5000C3EFB5 /* Tests macOS */ = {
			isa = PBXNativeTarget;
			buildConfigurationList = 42D3F8CB26E1CE5000C3EFB5 /* Build configuration list for PBXNativeTarget "Tests macOS" */;
			buildPhases = (
				42D3F8AB26E1CE5000C3EFB5 /* Sources */,
				42D3F8AC26E1CE5000C3EFB5 /* Frameworks */,
				42D3F8AD26E1CE5000C3EFB5 /* Resources */,
			);
			buildRules = (
			);
			dependencies = (
				42D3F8B126E1CE5000C3EFB5 /* PBXTargetDependency */,
			);
			name = "Tests macOS";
			productName = "Tests macOS";
			productReference = 42D3F8AF26E1CE5000C3EFB5 /* Tests macOS.xctest */;
			productType = "com.apple.product-type.bundle.ui-testing";
		};
		42D3F8DE26E1D8CA00C3EFB5 /* LinkBox Add */ = {
			isa = PBXNativeTarget;
			buildConfigurationList = 42D3F8EA26E1D8CA00C3EFB5 /* Build configuration list for PBXNativeTarget "LinkBox Add" */;
			buildPhases = (
				42D3F8DB26E1D8CA00C3EFB5 /* Sources */,
				42D3F8DC26E1D8CA00C3EFB5 /* Frameworks */,
				42D3F8DD26E1D8CA00C3EFB5 /* Resources */,
			);
			buildRules = (
			);
			dependencies = (
			);
			name = "LinkBox Add";
			productName = "LinkBox Add";
			productReference = 42D3F8DF26E1D8CA00C3EFB5 /* LinkBox Add.appex */;
			productType = "com.apple.product-type.app-extension";
		};
		42D3F8F226E1E75C00C3EFB5 /* LinkBox Watch */ = {
			isa = PBXNativeTarget;
			buildConfigurationList = 42D3F93626E1E75E00C3EFB5 /* Build configuration list for PBXNativeTarget "LinkBox Watch" */;
			buildPhases = (
				42D3F8F126E1E75C00C3EFB5 /* Resources */,
				42D3F93526E1E75E00C3EFB5 /* Embed Watch Content */,
			);
			buildRules = (
			);
			dependencies = (
				42D3F8F926E1E75C00C3EFB5 /* PBXTargetDependency */,
			);
			name = "LinkBox Watch";
			productName = "LinkBox Watch";
			productReference = 42D3F8F326E1E75C00C3EFB5 /* LinkBox Watch.app */;
			productType = "com.apple.product-type.application.watchapp2-container";
		};
		42D3F8F526E1E75C00C3EFB5 /* LinkBox Watch WatchKit App */ = {
			isa = PBXNativeTarget;
			buildConfigurationList = 42D3F93226E1E75E00C3EFB5 /* Build configuration list for PBXNativeTarget "LinkBox Watch WatchKit App" */;
			buildPhases = (
				42D3F8F426E1E75C00C3EFB5 /* Resources */,
				42D3F93126E1E75E00C3EFB5 /* Embed App Extensions */,
			);
			buildRules = (
			);
			dependencies = (
				42D3F90526E1E75D00C3EFB5 /* PBXTargetDependency */,
			);
			name = "LinkBox Watch WatchKit App";
			productName = "LinkBox Watch WatchKit App";
			productReference = 42D3F8F626E1E75C00C3EFB5 /* LinkBox Watch WatchKit App.app */;
			productType = "com.apple.product-type.application.watchapp2";
		};
		42D3F90126E1E75D00C3EFB5 /* LinkBox Watch WatchKit Extension */ = {
			isa = PBXNativeTarget;
			buildConfigurationList = 42D3F92E26E1E75E00C3EFB5 /* Build configuration list for PBXNativeTarget "LinkBox Watch WatchKit Extension" */;
			buildPhases = (
				42D3F8FE26E1E75D00C3EFB5 /* Sources */,
				42D3F8FF26E1E75D00C3EFB5 /* Frameworks */,
				42D3F90026E1E75D00C3EFB5 /* Resources */,
			);
			buildRules = (
			);
			dependencies = (
			);
			name = "LinkBox Watch WatchKit Extension";
			productName = "LinkBox Watch WatchKit Extension";
			productReference = 42D3F90226E1E75D00C3EFB5 /* LinkBox Watch WatchKit Extension.appex */;
			productType = "com.apple.product-type.watchkit2-extension";
		};
		42D3F91B26E1E75E00C3EFB5 /* LinkBox WatchTests */ = {
			isa = PBXNativeTarget;
			buildConfigurationList = 42D3F93926E1E75E00C3EFB5 /* Build configuration list for PBXNativeTarget "LinkBox WatchTests" */;
			buildPhases = (
				42D3F91826E1E75E00C3EFB5 /* Sources */,
				42D3F91926E1E75E00C3EFB5 /* Frameworks */,
				42D3F91A26E1E75E00C3EFB5 /* Resources */,
			);
			buildRules = (
			);
			dependencies = (
				42D3F91E26E1E75E00C3EFB5 /* PBXTargetDependency */,
			);
			name = "LinkBox WatchTests";
			productName = "LinkBox WatchTests";
			productReference = 42D3F91C26E1E75E00C3EFB5 /* LinkBox WatchTests.xctest */;
			productType = "com.apple.product-type.bundle.unit-test";
		};
		42D3F92626E1E75E00C3EFB5 /* LinkBox WatchUITests */ = {
			isa = PBXNativeTarget;
			buildConfigurationList = 42D3F93C26E1E75E00C3EFB5 /* Build configuration list for PBXNativeTarget "LinkBox WatchUITests" */;
			buildPhases = (
				42D3F92326E1E75E00C3EFB5 /* Sources */,
				42D3F92426E1E75E00C3EFB5 /* Frameworks */,
				42D3F92526E1E75E00C3EFB5 /* Resources */,
			);
			buildRules = (
			);
			dependencies = (
				42D3F92926E1E75E00C3EFB5 /* PBXTargetDependency */,
			);
			name = "LinkBox WatchUITests";
			productName = "LinkBox WatchUITests";
			productReference = 42D3F92726E1E75E00C3EFB5 /* LinkBox WatchUITests.xctest */;
			productType = "com.apple.product-type.bundle.ui-testing";
		};
/* End PBXNativeTarget section */

/* Begin PBXProject section */
		42D3F88526E1CE4D00C3EFB5 /* Project object */ = {
			isa = PBXProject;
			attributes = {
				LastSwiftUpdateCheck = 1250;
				LastUpgradeCheck = 1250;
				TargetAttributes = {
					42D3F89326E1CE4F00C3EFB5 = {
						CreatedOnToolsVersion = 12.5;
					};
					42D3F89B26E1CE5000C3EFB5 = {
						CreatedOnToolsVersion = 12.5;
					};
					42D3F8A326E1CE5000C3EFB5 = {
						CreatedOnToolsVersion = 12.5;
						TestTargetID = 42D3F89326E1CE4F00C3EFB5;
					};
					42D3F8AE26E1CE5000C3EFB5 = {
						CreatedOnToolsVersion = 12.5;
						TestTargetID = 42D3F89B26E1CE5000C3EFB5;
					};
					42D3F8DE26E1D8CA00C3EFB5 = {
						CreatedOnToolsVersion = 12.5;
					};
					42D3F8F226E1E75C00C3EFB5 = {
						CreatedOnToolsVersion = 12.5;
					};
					42D3F8F526E1E75C00C3EFB5 = {
						CreatedOnToolsVersion = 12.5;
					};
					42D3F90126E1E75D00C3EFB5 = {
						CreatedOnToolsVersion = 12.5;
					};
					42D3F91B26E1E75E00C3EFB5 = {
						CreatedOnToolsVersion = 12.5;
						TestTargetID = 42D3F90126E1E75D00C3EFB5;
					};
					42D3F92626E1E75E00C3EFB5 = {
						CreatedOnToolsVersion = 12.5;
						TestTargetID = 42D3F8F526E1E75C00C3EFB5;
					};
				};
			};
			buildConfigurationList = 42D3F88826E1CE4D00C3EFB5 /* Build configuration list for PBXProject "LinkBox" */;
			compatibilityVersion = "Xcode 9.3";
			developmentRegion = en;
			hasScannedForEncodings = 0;
			knownRegions = (
				en,
				Base,
			);
			mainGroup = 42D3F88426E1CE4D00C3EFB5;
			productRefGroup = 42D3F89526E1CE4F00C3EFB5 /* Products */;
			projectDirPath = "";
			projectRoot = "";
			targets = (
				42D3F89326E1CE4F00C3EFB5 /* LinkBox (iOS) */,
				42D3F89B26E1CE5000C3EFB5 /* LinkBox (macOS) */,
				42D3F8A326E1CE5000C3EFB5 /* Tests iOS */,
				42D3F8AE26E1CE5000C3EFB5 /* Tests macOS */,
				42D3F8DE26E1D8CA00C3EFB5 /* LinkBox Add */,
				42D3F8F226E1E75C00C3EFB5 /* LinkBox Watch */,
				42D3F8F526E1E75C00C3EFB5 /* LinkBox Watch WatchKit App */,
				42D3F90126E1E75D00C3EFB5 /* LinkBox Watch WatchKit Extension */,
				42D3F91B26E1E75E00C3EFB5 /* LinkBox WatchTests */,
				42D3F92626E1E75E00C3EFB5 /* LinkBox WatchUITests */,
			);
		};
/* End PBXProject section */

/* Begin PBXResourcesBuildPhase section */
		42D3F89226E1CE4F00C3EFB5 /* Resources */ = {
			isa = PBXResourcesBuildPhase;
			buildActionMask = 2147483647;
			files = (
				42D3F8BE26E1CE5000C3EFB5 /* Assets.xcassets in Resources */,
			);
			runOnlyForDeploymentPostprocessing = 0;
		};
		42D3F89A26E1CE5000C3EFB5 /* Resources */ = {
			isa = PBXResourcesBuildPhase;
			buildActionMask = 2147483647;
			files = (
				42D3F8BF26E1CE5000C3EFB5 /* Assets.xcassets in Resources */,
			);
			runOnlyForDeploymentPostprocessing = 0;
		};
		42D3F8A226E1CE5000C3EFB5 /* Resources */ = {
			isa = PBXResourcesBuildPhase;
			buildActionMask = 2147483647;
			files = (
			);
			runOnlyForDeploymentPostprocessing = 0;
		};
		42D3F8AD26E1CE5000C3EFB5 /* Resources */ = {
			isa = PBXResourcesBuildPhase;
			buildActionMask = 2147483647;
			files = (
			);
			runOnlyForDeploymentPostprocessing = 0;
		};
		42D3F8DD26E1D8CA00C3EFB5 /* Resources */ = {
			isa = PBXResourcesBuildPhase;
			buildActionMask = 2147483647;
			files = (
				42D3F8E526E1D8CA00C3EFB5 /* MainInterface.storyboard in Resources */,
			);
			runOnlyForDeploymentPostprocessing = 0;
		};
		42D3F8F126E1E75C00C3EFB5 /* Resources */ = {
			isa = PBXResourcesBuildPhase;
			buildActionMask = 2147483647;
			files = (
			);
			runOnlyForDeploymentPostprocessing = 0;
		};
		42D3F8F426E1E75C00C3EFB5 /* Resources */ = {
			isa = PBXResourcesBuildPhase;
			buildActionMask = 2147483647;
			files = (
				42D3F8FC26E1E75D00C3EFB5 /* Assets.xcassets in Resources */,
			);
			runOnlyForDeploymentPostprocessing = 0;
		};
		42D3F90026E1E75D00C3EFB5 /* Resources */ = {
			isa = PBXResourcesBuildPhase;
			buildActionMask = 2147483647;
			files = (
				42D3F91526E1E75E00C3EFB5 /* Preview Assets.xcassets in Resources */,
				42D3F91226E1E75E00C3EFB5 /* Assets.xcassets in Resources */,
			);
			runOnlyForDeploymentPostprocessing = 0;
		};
		42D3F91A26E1E75E00C3EFB5 /* Resources */ = {
			isa = PBXResourcesBuildPhase;
			buildActionMask = 2147483647;
			files = (
			);
			runOnlyForDeploymentPostprocessing = 0;
		};
		42D3F92526E1E75E00C3EFB5 /* Resources */ = {
			isa = PBXResourcesBuildPhase;
			buildActionMask = 2147483647;
			files = (
			);
			runOnlyForDeploymentPostprocessing = 0;
		};
/* End PBXResourcesBuildPhase section */

/* Begin PBXSourcesBuildPhase section */
		42D3F89026E1CE4F00C3EFB5 /* Sources */ = {
			isa = PBXSourcesBuildPhase;
			buildActionMask = 2147483647;
			files = (
				42D3F8B626E1CE5000C3EFB5 /* LinkBox.xcdatamodeld in Sources */,
				42D3F8D926E1D4E000C3EFB5 /* AddFolderView.swift in Sources */,
				42D3F8BC26E1CE5000C3EFB5 /* Persistence.swift in Sources */,
				42D3F8D326E1D31600C3EFB5 /* FoldersView.swift in Sources */,
				42D3F8B826E1CE5000C3EFB5 /* LinkBoxApp.swift in Sources */,
				42D3F95026E1FB2700C3EFB5 /* EditLinkView.swift in Sources */,
				42D3F8D626E1D32C00C3EFB5 /* LinksView.swift in Sources */,
				42D3F8EF26E1E0FE00C3EFB5 /* AddLinkView.swift in Sources */,
			);
			runOnlyForDeploymentPostprocessing = 0;
		};
		42D3F89826E1CE5000C3EFB5 /* Sources */ = {
			isa = PBXSourcesBuildPhase;
			buildActionMask = 2147483647;
			files = (
				42D3F8B726E1CE5000C3EFB5 /* LinkBox.xcdatamodeld in Sources */,
				42D3F8DA26E1D4E000C3EFB5 /* AddFolderView.swift in Sources */,
				42D3F8BD26E1CE5000C3EFB5 /* Persistence.swift in Sources */,
				42D3F8D426E1D31600C3EFB5 /* FoldersView.swift in Sources */,
				42D3F8B926E1CE5000C3EFB5 /* LinkBoxApp.swift in Sources */,
				42D3F95126E1FB2700C3EFB5 /* EditLinkView.swift in Sources */,
				42D3F8D726E1D32C00C3EFB5 /* LinksView.swift in Sources */,
				42D3F8F026E1E0FE00C3EFB5 /* AddLinkView.swift in Sources */,
			);
			runOnlyForDeploymentPostprocessing = 0;
		};
		42D3F8A026E1CE5000C3EFB5 /* Sources */ = {
			isa = PBXSourcesBuildPhase;
			buildActionMask = 2147483647;
			files = (
				42D3F8A926E1CE5000C3EFB5 /* Tests_iOS.swift in Sources */,
			);
			runOnlyForDeploymentPostprocessing = 0;
		};
		42D3F8AB26E1CE5000C3EFB5 /* Sources */ = {
			isa = PBXSourcesBuildPhase;
			buildActionMask = 2147483647;
			files = (
				42D3F8B426E1CE5000C3EFB5 /* Tests_macOS.swift in Sources */,
			);
			runOnlyForDeploymentPostprocessing = 0;
		};
		42D3F8DB26E1D8CA00C3EFB5 /* Sources */ = {
			isa = PBXSourcesBuildPhase;
			buildActionMask = 2147483647;
			files = (
				42D3F8E226E1D8CA00C3EFB5 /* ShareViewController.swift in Sources */,
			);
			runOnlyForDeploymentPostprocessing = 0;
		};
		42D3F8FE26E1E75D00C3EFB5 /* Sources */ = {
			isa = PBXSourcesBuildPhase;
			buildActionMask = 2147483647;
			files = (
				42D3F94326E1E79700C3EFB5 /* AddFolderView.swift in Sources */,
				42D3F90C26E1E75D00C3EFB5 /* NotificationController.swift in Sources */,
				42D3F94026E1E79700C3EFB5 /* FoldersView.swift in Sources */,
				42D3F91026E1E75D00C3EFB5 /* ComplicationController.swift in Sources */,
				42D3F90826E1E75D00C3EFB5 /* LinkBoxApp.swift in Sources */,
				42D3F94426E1E79700C3EFB5 /* LinksView.swift in Sources */,
				42D3F94826E1E81000C3EFB5 /* LinkBox.xcdatamodeld in Sources */,
				42D3F95226E1FB2700C3EFB5 /* EditLinkView.swift in Sources */,
				42D3F90E26E1E75D00C3EFB5 /* NotificationView.swift in Sources */,
				42D3F94526E1E79700C3EFB5 /* Persistence.swift in Sources */,
				42D3F94126E1E79700C3EFB5 /* AddLinkView.swift in Sources */,
			);
			runOnlyForDeploymentPostprocessing = 0;
		};
		42D3F91826E1E75E00C3EFB5 /* Sources */ = {
			isa = PBXSourcesBuildPhase;
			buildActionMask = 2147483647;
			files = (
				42D3F92126E1E75E00C3EFB5 /* LinkBox_WatchTests.swift in Sources */,
			);
			runOnlyForDeploymentPostprocessing = 0;
		};
		42D3F92326E1E75E00C3EFB5 /* Sources */ = {
			isa = PBXSourcesBuildPhase;
			buildActionMask = 2147483647;
			files = (
				42D3F92C26E1E75E00C3EFB5 /* LinkBox_WatchUITests.swift in Sources */,
			);
			runOnlyForDeploymentPostprocessing = 0;
		};
/* End PBXSourcesBuildPhase section */

/* Begin PBXTargetDependency section */
		42D3F8A626E1CE5000C3EFB5 /* PBXTargetDependency */ = {
			isa = PBXTargetDependency;
			target = 42D3F89326E1CE4F00C3EFB5 /* LinkBox (iOS) */;
			targetProxy = 42D3F8A526E1CE5000C3EFB5 /* PBXContainerItemProxy */;
		};
		42D3F8B126E1CE5000C3EFB5 /* PBXTargetDependency */ = {
			isa = PBXTargetDependency;
			target = 42D3F89B26E1CE5000C3EFB5 /* LinkBox (macOS) */;
			targetProxy = 42D3F8B026E1CE5000C3EFB5 /* PBXContainerItemProxy */;
		};
		42D3F8E826E1D8CA00C3EFB5 /* PBXTargetDependency */ = {
			isa = PBXTargetDependency;
			target = 42D3F8DE26E1D8CA00C3EFB5 /* LinkBox Add */;
			targetProxy = 42D3F8E726E1D8CA00C3EFB5 /* PBXContainerItemProxy */;
		};
		42D3F8F926E1E75C00C3EFB5 /* PBXTargetDependency */ = {
			isa = PBXTargetDependency;
			target = 42D3F8F526E1E75C00C3EFB5 /* LinkBox Watch WatchKit App */;
			targetProxy = 42D3F8F826E1E75C00C3EFB5 /* PBXContainerItemProxy */;
		};
		42D3F90526E1E75D00C3EFB5 /* PBXTargetDependency */ = {
			isa = PBXTargetDependency;
			target = 42D3F90126E1E75D00C3EFB5 /* LinkBox Watch WatchKit Extension */;
			targetProxy = 42D3F90426E1E75D00C3EFB5 /* PBXContainerItemProxy */;
		};
		42D3F91E26E1E75E00C3EFB5 /* PBXTargetDependency */ = {
			isa = PBXTargetDependency;
			target = 42D3F90126E1E75D00C3EFB5 /* LinkBox Watch WatchKit Extension */;
			targetProxy = 42D3F91D26E1E75E00C3EFB5 /* PBXContainerItemProxy */;
		};
		42D3F92926E1E75E00C3EFB5 /* PBXTargetDependency */ = {
			isa = PBXTargetDependency;
			target = 42D3F8F526E1E75C00C3EFB5 /* LinkBox Watch WatchKit App */;
			targetProxy = 42D3F92826E1E75E00C3EFB5 /* PBXContainerItemProxy */;
		};
/* End PBXTargetDependency section */

/* Begin PBXVariantGroup section */
		42D3F8E326E1D8CA00C3EFB5 /* MainInterface.storyboard */ = {
			isa = PBXVariantGroup;
			children = (
				42D3F8E426E1D8CA00C3EFB5 /* Base */,
			);
			name = MainInterface.storyboard;
			sourceTree = "<group>";
		};
/* End PBXVariantGroup section */

/* Begin XCBuildConfiguration section */
		42D3F8C026E1CE5000C3EFB5 /* Debug */ = {
			isa = XCBuildConfiguration;
			buildSettings = {
				ALWAYS_SEARCH_USER_PATHS = NO;
				CLANG_ANALYZER_NONNULL = YES;
				CLANG_ANALYZER_NUMBER_OBJECT_CONVERSION = YES_AGGRESSIVE;
				CLANG_CXX_LANGUAGE_STANDARD = "gnu++14";
				CLANG_CXX_LIBRARY = "libc++";
				CLANG_ENABLE_MODULES = YES;
				CLANG_ENABLE_OBJC_ARC = YES;
				CLANG_ENABLE_OBJC_WEAK = YES;
				CLANG_WARN_BLOCK_CAPTURE_AUTORELEASING = YES;
				CLANG_WARN_BOOL_CONVERSION = YES;
				CLANG_WARN_COMMA = YES;
				CLANG_WARN_CONSTANT_CONVERSION = YES;
				CLANG_WARN_DEPRECATED_OBJC_IMPLEMENTATIONS = YES;
				CLANG_WARN_DIRECT_OBJC_ISA_USAGE = YES_ERROR;
				CLANG_WARN_DOCUMENTATION_COMMENTS = YES;
				CLANG_WARN_EMPTY_BODY = YES;
				CLANG_WARN_ENUM_CONVERSION = YES;
				CLANG_WARN_INFINITE_RECURSION = YES;
				CLANG_WARN_INT_CONVERSION = YES;
				CLANG_WARN_NON_LITERAL_NULL_CONVERSION = YES;
				CLANG_WARN_OBJC_IMPLICIT_RETAIN_SELF = YES;
				CLANG_WARN_OBJC_LITERAL_CONVERSION = YES;
				CLANG_WARN_OBJC_ROOT_CLASS = YES_ERROR;
				CLANG_WARN_QUOTED_INCLUDE_IN_FRAMEWORK_HEADER = YES;
				CLANG_WARN_RANGE_LOOP_ANALYSIS = YES;
				CLANG_WARN_STRICT_PROTOTYPES = YES;
				CLANG_WARN_SUSPICIOUS_MOVE = YES;
				CLANG_WARN_UNGUARDED_AVAILABILITY = YES_AGGRESSIVE;
				CLANG_WARN_UNREACHABLE_CODE = YES;
				CLANG_WARN__DUPLICATE_METHOD_MATCH = YES;
				COPY_PHASE_STRIP = NO;
				DEBUG_INFORMATION_FORMAT = dwarf;
				ENABLE_STRICT_OBJC_MSGSEND = YES;
				ENABLE_TESTABILITY = YES;
				GCC_C_LANGUAGE_STANDARD = gnu11;
				GCC_DYNAMIC_NO_PIC = NO;
				GCC_NO_COMMON_BLOCKS = YES;
				GCC_OPTIMIZATION_LEVEL = 0;
				GCC_PREPROCESSOR_DEFINITIONS = (
					"DEBUG=1",
					"$(inherited)",
				);
				GCC_WARN_64_TO_32_BIT_CONVERSION = YES;
				GCC_WARN_ABOUT_RETURN_TYPE = YES_ERROR;
				GCC_WARN_UNDECLARED_SELECTOR = YES;
				GCC_WARN_UNINITIALIZED_AUTOS = YES_AGGRESSIVE;
				GCC_WARN_UNUSED_FUNCTION = YES;
				GCC_WARN_UNUSED_VARIABLE = YES;
				MTL_ENABLE_DEBUG_INFO = INCLUDE_SOURCE;
				MTL_FAST_MATH = YES;
				ONLY_ACTIVE_ARCH = YES;
				SWIFT_ACTIVE_COMPILATION_CONDITIONS = DEBUG;
				SWIFT_OPTIMIZATION_LEVEL = "-Onone";
			};
			name = Debug;
		};
		42D3F8C126E1CE5000C3EFB5 /* Release */ = {
			isa = XCBuildConfiguration;
			buildSettings = {
				ALWAYS_SEARCH_USER_PATHS = NO;
				CLANG_ANALYZER_NONNULL = YES;
				CLANG_ANALYZER_NUMBER_OBJECT_CONVERSION = YES_AGGRESSIVE;
				CLANG_CXX_LANGUAGE_STANDARD = "gnu++14";
				CLANG_CXX_LIBRARY = "libc++";
				CLANG_ENABLE_MODULES = YES;
				CLANG_ENABLE_OBJC_ARC = YES;
				CLANG_ENABLE_OBJC_WEAK = YES;
				CLANG_WARN_BLOCK_CAPTURE_AUTORELEASING = YES;
				CLANG_WARN_BOOL_CONVERSION = YES;
				CLANG_WARN_COMMA = YES;
				CLANG_WARN_CONSTANT_CONVERSION = YES;
				CLANG_WARN_DEPRECATED_OBJC_IMPLEMENTATIONS = YES;
				CLANG_WARN_DIRECT_OBJC_ISA_USAGE = YES_ERROR;
				CLANG_WARN_DOCUMENTATION_COMMENTS = YES;
				CLANG_WARN_EMPTY_BODY = YES;
				CLANG_WARN_ENUM_CONVERSION = YES;
				CLANG_WARN_INFINITE_RECURSION = YES;
				CLANG_WARN_INT_CONVERSION = YES;
				CLANG_WARN_NON_LITERAL_NULL_CONVERSION = YES;
				CLANG_WARN_OBJC_IMPLICIT_RETAIN_SELF = YES;
				CLANG_WARN_OBJC_LITERAL_CONVERSION = YES;
				CLANG_WARN_OBJC_ROOT_CLASS = YES_ERROR;
				CLANG_WARN_QUOTED_INCLUDE_IN_FRAMEWORK_HEADER = YES;
				CLANG_WARN_RANGE_LOOP_ANALYSIS = YES;
				CLANG_WARN_STRICT_PROTOTYPES = YES;
				CLANG_WARN_SUSPICIOUS_MOVE = YES;
				CLANG_WARN_UNGUARDED_AVAILABILITY = YES_AGGRESSIVE;
				CLANG_WARN_UNREACHABLE_CODE = YES;
				CLANG_WARN__DUPLICATE_METHOD_MATCH = YES;
				COPY_PHASE_STRIP = NO;
				DEBUG_INFORMATION_FORMAT = "dwarf-with-dsym";
				ENABLE_NS_ASSERTIONS = NO;
				ENABLE_STRICT_OBJC_MSGSEND = YES;
				GCC_C_LANGUAGE_STANDARD = gnu11;
				GCC_NO_COMMON_BLOCKS = YES;
				GCC_WARN_64_TO_32_BIT_CONVERSION = YES;
				GCC_WARN_ABOUT_RETURN_TYPE = YES_ERROR;
				GCC_WARN_UNDECLARED_SELECTOR = YES;
				GCC_WARN_UNINITIALIZED_AUTOS = YES_AGGRESSIVE;
				GCC_WARN_UNUSED_FUNCTION = YES;
				GCC_WARN_UNUSED_VARIABLE = YES;
				MTL_ENABLE_DEBUG_INFO = NO;
				MTL_FAST_MATH = YES;
				SWIFT_COMPILATION_MODE = wholemodule;
				SWIFT_OPTIMIZATION_LEVEL = "-O";
			};
			name = Release;
		};
		42D3F8C326E1CE5000C3EFB5 /* Debug */ = {
			isa = XCBuildConfiguration;
			buildSettings = {
				ALWAYS_EMBED_SWIFT_STANDARD_LIBRARIES = YES;
				ASSETCATALOG_COMPILER_APPICON_NAME = AppIcon;
				ASSETCATALOG_COMPILER_GLOBAL_ACCENT_COLOR_NAME = AccentColor;
				CODE_SIGN_ENTITLEMENTS = LinkBox.entitlements;
				CODE_SIGN_STYLE = Automatic;
				DEVELOPMENT_TEAM = 44TVYQ8RAX;
				ENABLE_PREVIEWS = YES;
				INFOPLIST_FILE = iOS/Info.plist;
				IPHONEOS_DEPLOYMENT_TARGET = 14.0;
				LD_RUNPATH_SEARCH_PATHS = (
					"$(inherited)",
					"@executable_path/Frameworks",
				);
				PRODUCT_BUNDLE_IDENTIFIER = com.spneshaei.LinkBox;
				PRODUCT_NAME = LinkBox;
				SDKROOT = iphoneos;
				SWIFT_VERSION = 5.0;
				TARGETED_DEVICE_FAMILY = "1,2";
			};
			name = Debug;
		};
		42D3F8C426E1CE5000C3EFB5 /* Release */ = {
			isa = XCBuildConfiguration;
			buildSettings = {
				ALWAYS_EMBED_SWIFT_STANDARD_LIBRARIES = YES;
				ASSETCATALOG_COMPILER_APPICON_NAME = AppIcon;
				ASSETCATALOG_COMPILER_GLOBAL_ACCENT_COLOR_NAME = AccentColor;
				CODE_SIGN_ENTITLEMENTS = LinkBox.entitlements;
				CODE_SIGN_STYLE = Automatic;
				DEVELOPMENT_TEAM = 44TVYQ8RAX;
				ENABLE_PREVIEWS = YES;
				INFOPLIST_FILE = iOS/Info.plist;
				IPHONEOS_DEPLOYMENT_TARGET = 14.0;
				LD_RUNPATH_SEARCH_PATHS = (
					"$(inherited)",
					"@executable_path/Frameworks",
				);
				PRODUCT_BUNDLE_IDENTIFIER = com.spneshaei.LinkBox;
				PRODUCT_NAME = LinkBox;
				SDKROOT = iphoneos;
				SWIFT_VERSION = 5.0;
				TARGETED_DEVICE_FAMILY = "1,2";
				VALIDATE_PRODUCT = YES;
			};
			name = Release;
		};
		42D3F8C626E1CE5000C3EFB5 /* Debug */ = {
			isa = XCBuildConfiguration;
			buildSettings = {
				ASSETCATALOG_COMPILER_APPICON_NAME = AppIcon;
				ASSETCATALOG_COMPILER_GLOBAL_ACCENT_COLOR_NAME = AccentColor;
				CODE_SIGN_ENTITLEMENTS = macOS/macOS.entitlements;
				CODE_SIGN_STYLE = Automatic;
				COMBINE_HIDPI_IMAGES = YES;
				DEVELOPMENT_TEAM = 44TVYQ8RAX;
				ENABLE_HARDENED_RUNTIME = YES;
				ENABLE_PREVIEWS = YES;
				INFOPLIST_FILE = macOS/Info.plist;
				LD_RUNPATH_SEARCH_PATHS = (
					"$(inherited)",
					"@executable_path/../Frameworks",
				);
				MACOSX_DEPLOYMENT_TARGET = 11.0;
				PRODUCT_BUNDLE_IDENTIFIER = com.spneshaei.LinkBox;
				PRODUCT_NAME = LinkBox;
				SDKROOT = macosx;
				SWIFT_VERSION = 5.0;
			};
			name = Debug;
		};
		42D3F8C726E1CE5000C3EFB5 /* Release */ = {
			isa = XCBuildConfiguration;
			buildSettings = {
				ASSETCATALOG_COMPILER_APPICON_NAME = AppIcon;
				ASSETCATALOG_COMPILER_GLOBAL_ACCENT_COLOR_NAME = AccentColor;
				CODE_SIGN_ENTITLEMENTS = macOS/macOS.entitlements;
				CODE_SIGN_STYLE = Automatic;
				COMBINE_HIDPI_IMAGES = YES;
				DEVELOPMENT_TEAM = 44TVYQ8RAX;
				ENABLE_HARDENED_RUNTIME = YES;
				ENABLE_PREVIEWS = YES;
				INFOPLIST_FILE = macOS/Info.plist;
				LD_RUNPATH_SEARCH_PATHS = (
					"$(inherited)",
					"@executable_path/../Frameworks",
				);
				MACOSX_DEPLOYMENT_TARGET = 11.0;
				PRODUCT_BUNDLE_IDENTIFIER = com.spneshaei.LinkBox;
				PRODUCT_NAME = LinkBox;
				SDKROOT = macosx;
				SWIFT_VERSION = 5.0;
			};
			name = Release;
		};
		42D3F8C926E1CE5000C3EFB5 /* Debug */ = {
			isa = XCBuildConfiguration;
			buildSettings = {
				ALWAYS_EMBED_SWIFT_STANDARD_LIBRARIES = YES;
				CODE_SIGN_STYLE = Automatic;
				DEVELOPMENT_TEAM = 44TVYQ8RAX;
				INFOPLIST_FILE = "Tests iOS/Info.plist";
				IPHONEOS_DEPLOYMENT_TARGET = 14.5;
				LD_RUNPATH_SEARCH_PATHS = (
					"$(inherited)",
					"@executable_path/Frameworks",
					"@loader_path/Frameworks",
				);
				PRODUCT_BUNDLE_IDENTIFIER = "com.spneshaei.Tests-iOS";
				PRODUCT_NAME = "$(TARGET_NAME)";
				SDKROOT = iphoneos;
				SWIFT_VERSION = 5.0;
				TARGETED_DEVICE_FAMILY = "1,2";
				TEST_TARGET_NAME = "LinkBox (iOS)";
			};
			name = Debug;
		};
		42D3F8CA26E1CE5000C3EFB5 /* Release */ = {
			isa = XCBuildConfiguration;
			buildSettings = {
				ALWAYS_EMBED_SWIFT_STANDARD_LIBRARIES = YES;
				CODE_SIGN_STYLE = Automatic;
				DEVELOPMENT_TEAM = 44TVYQ8RAX;
				INFOPLIST_FILE = "Tests iOS/Info.plist";
				IPHONEOS_DEPLOYMENT_TARGET = 14.5;
				LD_RUNPATH_SEARCH_PATHS = (
					"$(inherited)",
					"@executable_path/Frameworks",
					"@loader_path/Frameworks",
				);
				PRODUCT_BUNDLE_IDENTIFIER = "com.spneshaei.Tests-iOS";
				PRODUCT_NAME = "$(TARGET_NAME)";
				SDKROOT = iphoneos;
				SWIFT_VERSION = 5.0;
				TARGETED_DEVICE_FAMILY = "1,2";
				TEST_TARGET_NAME = "LinkBox (iOS)";
				VALIDATE_PRODUCT = YES;
			};
			name = Release;
		};
		42D3F8CC26E1CE5000C3EFB5 /* Debug */ = {
			isa = XCBuildConfiguration;
			buildSettings = {
				ALWAYS_EMBED_SWIFT_STANDARD_LIBRARIES = YES;
				CODE_SIGN_STYLE = Automatic;
				COMBINE_HIDPI_IMAGES = YES;
				DEVELOPMENT_TEAM = 44TVYQ8RAX;
				INFOPLIST_FILE = "Tests macOS/Info.plist";
				LD_RUNPATH_SEARCH_PATHS = (
					"$(inherited)",
					"@executable_path/../Frameworks",
					"@loader_path/../Frameworks",
				);
				MACOSX_DEPLOYMENT_TARGET = 11.3;
				PRODUCT_BUNDLE_IDENTIFIER = "com.spneshaei.Tests-macOS";
				PRODUCT_NAME = "$(TARGET_NAME)";
				SDKROOT = macosx;
				SWIFT_VERSION = 5.0;
				TEST_TARGET_NAME = "LinkBox (macOS)";
			};
			name = Debug;
		};
		42D3F8CD26E1CE5000C3EFB5 /* Release */ = {
			isa = XCBuildConfiguration;
			buildSettings = {
				ALWAYS_EMBED_SWIFT_STANDARD_LIBRARIES = YES;
				CODE_SIGN_STYLE = Automatic;
				COMBINE_HIDPI_IMAGES = YES;
				DEVELOPMENT_TEAM = 44TVYQ8RAX;
				INFOPLIST_FILE = "Tests macOS/Info.plist";
				LD_RUNPATH_SEARCH_PATHS = (
					"$(inherited)",
					"@executable_path/../Frameworks",
					"@loader_path/../Frameworks",
				);
				MACOSX_DEPLOYMENT_TARGET = 11.3;
				PRODUCT_BUNDLE_IDENTIFIER = "com.spneshaei.Tests-macOS";
				PRODUCT_NAME = "$(TARGET_NAME)";
				SDKROOT = macosx;
				SWIFT_VERSION = 5.0;
				TEST_TARGET_NAME = "LinkBox (macOS)";
			};
			name = Release;
		};
		42D3F8EB26E1D8CA00C3EFB5 /* Debug */ = {
			isa = XCBuildConfiguration;
			buildSettings = {
				CODE_SIGN_STYLE = Automatic;
				DEVELOPMENT_TEAM = 44TVYQ8RAX;
				INFOPLIST_FILE = "LinkBox Add/Info.plist";
				IPHONEOS_DEPLOYMENT_TARGET = 14.5;
				LD_RUNPATH_SEARCH_PATHS = (
					"$(inherited)",
					"@executable_path/Frameworks",
					"@executable_path/../../Frameworks",
				);
				PRODUCT_BUNDLE_IDENTIFIER = "com.spneshaei.LinkBox.LinkBox-Add";
				PRODUCT_NAME = "$(TARGET_NAME)";
				SDKROOT = iphoneos;
				SKIP_INSTALL = YES;
				SWIFT_VERSION = 5.0;
				TARGETED_DEVICE_FAMILY = "1,2";
			};
			name = Debug;
		};
		42D3F8EC26E1D8CA00C3EFB5 /* Release */ = {
			isa = XCBuildConfiguration;
			buildSettings = {
				CODE_SIGN_STYLE = Automatic;
				DEVELOPMENT_TEAM = 44TVYQ8RAX;
				INFOPLIST_FILE = "LinkBox Add/Info.plist";
				IPHONEOS_DEPLOYMENT_TARGET = 14.5;
				LD_RUNPATH_SEARCH_PATHS = (
					"$(inherited)",
					"@executable_path/Frameworks",
					"@executable_path/../../Frameworks",
				);
				PRODUCT_BUNDLE_IDENTIFIER = "com.spneshaei.LinkBox.LinkBox-Add";
				PRODUCT_NAME = "$(TARGET_NAME)";
				SDKROOT = iphoneos;
				SKIP_INSTALL = YES;
				SWIFT_VERSION = 5.0;
				TARGETED_DEVICE_FAMILY = "1,2";
				VALIDATE_PRODUCT = YES;
			};
			name = Release;
		};
		42D3F92F26E1E75E00C3EFB5 /* Debug */ = {
			isa = XCBuildConfiguration;
			buildSettings = {
				ASSETCATALOG_COMPILER_COMPLICATION_NAME = Complication;
				CODE_SIGN_ENTITLEMENTS = "LinkBox Watch WatchKit Extension/LinkBox Watch WatchKit Extension.entitlements";
				CODE_SIGN_STYLE = Automatic;
				DEVELOPMENT_ASSET_PATHS = "\"LinkBox Watch WatchKit Extension/Preview Content\"";
				DEVELOPMENT_TEAM = 44TVYQ8RAX;
				ENABLE_PREVIEWS = YES;
				INFOPLIST_FILE = "LinkBox Watch WatchKit Extension/Info.plist";
				LD_RUNPATH_SEARCH_PATHS = (
					"$(inherited)",
					"@executable_path/Frameworks",
					"@executable_path/../../Frameworks",
				);
				PRODUCT_BUNDLE_IDENTIFIER = "com.spneshaei.LinkBox-Watch.watchkitapp.watchkitextension";
				PRODUCT_NAME = "${TARGET_NAME}";
				SDKROOT = watchos;
				SKIP_INSTALL = YES;
				SWIFT_VERSION = 5.0;
				TARGETED_DEVICE_FAMILY = 4;
				WATCHOS_DEPLOYMENT_TARGET = 7.4;
			};
			name = Debug;
		};
		42D3F93026E1E75E00C3EFB5 /* Release */ = {
			isa = XCBuildConfiguration;
			buildSettings = {
				ASSETCATALOG_COMPILER_COMPLICATION_NAME = Complication;
				CODE_SIGN_ENTITLEMENTS = "LinkBox Watch WatchKit Extension/LinkBox Watch WatchKit Extension.entitlements";
				CODE_SIGN_STYLE = Automatic;
				DEVELOPMENT_ASSET_PATHS = "\"LinkBox Watch WatchKit Extension/Preview Content\"";
				DEVELOPMENT_TEAM = 44TVYQ8RAX;
				ENABLE_PREVIEWS = YES;
				INFOPLIST_FILE = "LinkBox Watch WatchKit Extension/Info.plist";
				LD_RUNPATH_SEARCH_PATHS = (
					"$(inherited)",
					"@executable_path/Frameworks",
					"@executable_path/../../Frameworks",
				);
				PRODUCT_BUNDLE_IDENTIFIER = "com.spneshaei.LinkBox-Watch.watchkitapp.watchkitextension";
				PRODUCT_NAME = "${TARGET_NAME}";
				SDKROOT = watchos;
				SKIP_INSTALL = YES;
				SWIFT_VERSION = 5.0;
				TARGETED_DEVICE_FAMILY = 4;
				VALIDATE_PRODUCT = YES;
				WATCHOS_DEPLOYMENT_TARGET = 7.4;
			};
			name = Release;
		};
		42D3F93326E1E75E00C3EFB5 /* Debug */ = {
			isa = XCBuildConfiguration;
			buildSettings = {
				ALWAYS_EMBED_SWIFT_STANDARD_LIBRARIES = YES;
				ASSETCATALOG_COMPILER_APPICON_NAME = AppIcon;
				ASSETCATALOG_COMPILER_GLOBAL_ACCENT_COLOR_NAME = AccentColor;
				CODE_SIGN_STYLE = Automatic;
				DEVELOPMENT_TEAM = 44TVYQ8RAX;
				IBSC_MODULE = LinkBox_Watch_WatchKit_Extension;
				INFOPLIST_FILE = "LinkBox Watch WatchKit App/Info.plist";
				PRODUCT_BUNDLE_IDENTIFIER = "com.spneshaei.LinkBox-Watch.watchkitapp";
				PRODUCT_NAME = "$(TARGET_NAME)";
				SDKROOT = watchos;
				SKIP_INSTALL = YES;
				SWIFT_VERSION = 5.0;
				TARGETED_DEVICE_FAMILY = 4;
				WATCHOS_DEPLOYMENT_TARGET = 7.4;
			};
			name = Debug;
		};
		42D3F93426E1E75E00C3EFB5 /* Release */ = {
			isa = XCBuildConfiguration;
			buildSettings = {
				ALWAYS_EMBED_SWIFT_STANDARD_LIBRARIES = YES;
				ASSETCATALOG_COMPILER_APPICON_NAME = AppIcon;
				ASSETCATALOG_COMPILER_GLOBAL_ACCENT_COLOR_NAME = AccentColor;
				CODE_SIGN_STYLE = Automatic;
				DEVELOPMENT_TEAM = 44TVYQ8RAX;
				IBSC_MODULE = LinkBox_Watch_WatchKit_Extension;
				INFOPLIST_FILE = "LinkBox Watch WatchKit App/Info.plist";
				PRODUCT_BUNDLE_IDENTIFIER = "com.spneshaei.LinkBox-Watch.watchkitapp";
				PRODUCT_NAME = "$(TARGET_NAME)";
				SDKROOT = watchos;
				SKIP_INSTALL = YES;
				SWIFT_VERSION = 5.0;
				TARGETED_DEVICE_FAMILY = 4;
				VALIDATE_PRODUCT = YES;
				WATCHOS_DEPLOYMENT_TARGET = 7.4;
			};
			name = Release;
		};
		42D3F93726E1E75E00C3EFB5 /* Debug */ = {
			isa = XCBuildConfiguration;
			buildSettings = {
				CODE_SIGN_STYLE = Automatic;
				CURRENT_PROJECT_VERSION = 1;
				DEVELOPMENT_TEAM = 44TVYQ8RAX;
				MARKETING_VERSION = 1.0;
				PRODUCT_BUNDLE_IDENTIFIER = "com.spneshaei.LinkBox-Watch";
				PRODUCT_NAME = "$(TARGET_NAME)";
				SDKROOT = iphoneos;
				SWIFT_VERSION = 5.0;
			};
			name = Debug;
		};
		42D3F93826E1E75E00C3EFB5 /* Release */ = {
			isa = XCBuildConfiguration;
			buildSettings = {
				CODE_SIGN_STYLE = Automatic;
				CURRENT_PROJECT_VERSION = 1;
				DEVELOPMENT_TEAM = 44TVYQ8RAX;
				MARKETING_VERSION = 1.0;
				PRODUCT_BUNDLE_IDENTIFIER = "com.spneshaei.LinkBox-Watch";
				PRODUCT_NAME = "$(TARGET_NAME)";
				SDKROOT = iphoneos;
				SWIFT_VERSION = 5.0;
				VALIDATE_PRODUCT = YES;
			};
			name = Release;
		};
		42D3F93A26E1E75E00C3EFB5 /* Debug */ = {
			isa = XCBuildConfiguration;
			buildSettings = {
				ALWAYS_EMBED_SWIFT_STANDARD_LIBRARIES = YES;
				BUNDLE_LOADER = "$(TEST_HOST)";
				CODE_SIGN_STYLE = Automatic;
				DEVELOPMENT_TEAM = 44TVYQ8RAX;
				INFOPLIST_FILE = "LinkBox WatchTests/Info.plist";
				LD_RUNPATH_SEARCH_PATHS = (
					"$(inherited)",
					"@executable_path/Frameworks",
					"@loader_path/Frameworks",
				);
				PRODUCT_BUNDLE_IDENTIFIER = "com.spneshaei.LinkBox-WatchTests";
				PRODUCT_NAME = "$(TARGET_NAME)";
				SDKROOT = watchos;
				SWIFT_VERSION = 5.0;
				TARGETED_DEVICE_FAMILY = 4;
				TEST_HOST = "$(BUILT_PRODUCTS_DIR)/LinkBox Watch WatchKit Extension.appex/LinkBox Watch WatchKit Extension";
				WATCHOS_DEPLOYMENT_TARGET = 7.4;
			};
			name = Debug;
		};
		42D3F93B26E1E75E00C3EFB5 /* Release */ = {
			isa = XCBuildConfiguration;
			buildSettings = {
				ALWAYS_EMBED_SWIFT_STANDARD_LIBRARIES = YES;
				BUNDLE_LOADER = "$(TEST_HOST)";
				CODE_SIGN_STYLE = Automatic;
				DEVELOPMENT_TEAM = 44TVYQ8RAX;
				INFOPLIST_FILE = "LinkBox WatchTests/Info.plist";
				LD_RUNPATH_SEARCH_PATHS = (
					"$(inherited)",
					"@executable_path/Frameworks",
					"@loader_path/Frameworks",
				);
				PRODUCT_BUNDLE_IDENTIFIER = "com.spneshaei.LinkBox-WatchTests";
				PRODUCT_NAME = "$(TARGET_NAME)";
				SDKROOT = watchos;
				SWIFT_VERSION = 5.0;
				TARGETED_DEVICE_FAMILY = 4;
				TEST_HOST = "$(BUILT_PRODUCTS_DIR)/LinkBox Watch WatchKit Extension.appex/LinkBox Watch WatchKit Extension";
				VALIDATE_PRODUCT = YES;
				WATCHOS_DEPLOYMENT_TARGET = 7.4;
			};
			name = Release;
		};
		42D3F93D26E1E75E00C3EFB5 /* Debug */ = {
			isa = XCBuildConfiguration;
			buildSettings = {
				CODE_SIGN_STYLE = Automatic;
				DEVELOPMENT_TEAM = 44TVYQ8RAX;
				INFOPLIST_FILE = "LinkBox WatchUITests/Info.plist";
				LD_RUNPATH_SEARCH_PATHS = (
					"$(inherited)",
					"@executable_path/Frameworks",
					"@loader_path/Frameworks",
				);
				PRODUCT_BUNDLE_IDENTIFIER = "com.spneshaei.LinkBox-WatchUITests";
				PRODUCT_NAME = "$(TARGET_NAME)";
				SDKROOT = watchos;
				SWIFT_VERSION = 5.0;
				TARGETED_DEVICE_FAMILY = 4;
				TEST_TARGET_NAME = "LinkBox Watch WatchKit App";
				WATCHOS_DEPLOYMENT_TARGET = 7.4;
			};
			name = Debug;
		};
		42D3F93E26E1E75E00C3EFB5 /* Release */ = {
			isa = XCBuildConfiguration;
			buildSettings = {
				CODE_SIGN_STYLE = Automatic;
				DEVELOPMENT_TEAM = 44TVYQ8RAX;
				INFOPLIST_FILE = "LinkBox WatchUITests/Info.plist";
				LD_RUNPATH_SEARCH_PATHS = (
					"$(inherited)",
					"@executable_path/Frameworks",
					"@loader_path/Frameworks",
				);
				PRODUCT_BUNDLE_IDENTIFIER = "com.spneshaei.LinkBox-WatchUITests";
				PRODUCT_NAME = "$(TARGET_NAME)";
				SDKROOT = watchos;
				SWIFT_VERSION = 5.0;
				TARGETED_DEVICE_FAMILY = 4;
				TEST_TARGET_NAME = "LinkBox Watch WatchKit App";
				VALIDATE_PRODUCT = YES;
				WATCHOS_DEPLOYMENT_TARGET = 7.4;
			};
			name = Release;
		};
/* End XCBuildConfiguration section */

/* Begin XCConfigurationList section */
		42D3F88826E1CE4D00C3EFB5 /* Build configuration list for PBXProject "LinkBox" */ = {
			isa = XCConfigurationList;
			buildConfigurations = (
				42D3F8C026E1CE5000C3EFB5 /* Debug */,
				42D3F8C126E1CE5000C3EFB5 /* Release */,
			);
			defaultConfigurationIsVisible = 0;
			defaultConfigurationName = Release;
		};
		42D3F8C226E1CE5000C3EFB5 /* Build configuration list for PBXNativeTarget "LinkBox (iOS)" */ = {
			isa = XCConfigurationList;
			buildConfigurations = (
				42D3F8C326E1CE5000C3EFB5 /* Debug */,
				42D3F8C426E1CE5000C3EFB5 /* Release */,
			);
			defaultConfigurationIsVisible = 0;
			defaultConfigurationName = Release;
		};
		42D3F8C526E1CE5000C3EFB5 /* Build configuration list for PBXNativeTarget "LinkBox (macOS)" */ = {
			isa = XCConfigurationList;
			buildConfigurations = (
				42D3F8C626E1CE5000C3EFB5 /* Debug */,
				42D3F8C726E1CE5000C3EFB5 /* Release */,
			);
			defaultConfigurationIsVisible = 0;
			defaultConfigurationName = Release;
		};
		42D3F8C826E1CE5000C3EFB5 /* Build configuration list for PBXNativeTarget "Tests iOS" */ = {
			isa = XCConfigurationList;
			buildConfigurations = (
				42D3F8C926E1CE5000C3EFB5 /* Debug */,
				42D3F8CA26E1CE5000C3EFB5 /* Release */,
			);
			defaultConfigurationIsVisible = 0;
			defaultConfigurationName = Release;
		};
		42D3F8CB26E1CE5000C3EFB5 /* Build configuration list for PBXNativeTarget "Tests macOS" */ = {
			isa = XCConfigurationList;
			buildConfigurations = (
				42D3F8CC26E1CE5000C3EFB5 /* Debug */,
				42D3F8CD26E1CE5000C3EFB5 /* Release */,
			);
			defaultConfigurationIsVisible = 0;
			defaultConfigurationName = Release;
		};
		42D3F8EA26E1D8CA00C3EFB5 /* Build configuration list for PBXNativeTarget "LinkBox Add" */ = {
			isa = XCConfigurationList;
			buildConfigurations = (
				42D3F8EB26E1D8CA00C3EFB5 /* Debug */,
				42D3F8EC26E1D8CA00C3EFB5 /* Release */,
			);
			defaultConfigurationIsVisible = 0;
			defaultConfigurationName = Release;
		};
		42D3F92E26E1E75E00C3EFB5 /* Build configuration list for PBXNativeTarget "LinkBox Watch WatchKit Extension" */ = {
			isa = XCConfigurationList;
			buildConfigurations = (
				42D3F92F26E1E75E00C3EFB5 /* Debug */,
				42D3F93026E1E75E00C3EFB5 /* Release */,
			);
			defaultConfigurationIsVisible = 0;
			defaultConfigurationName = Release;
		};
		42D3F93226E1E75E00C3EFB5 /* Build configuration list for PBXNativeTarget "LinkBox Watch WatchKit App" */ = {
			isa = XCConfigurationList;
			buildConfigurations = (
				42D3F93326E1E75E00C3EFB5 /* Debug */,
				42D3F93426E1E75E00C3EFB5 /* Release */,
			);
			defaultConfigurationIsVisible = 0;
			defaultConfigurationName = Release;
		};
		42D3F93626E1E75E00C3EFB5 /* Build configuration list for PBXNativeTarget "LinkBox Watch" */ = {
			isa = XCConfigurationList;
			buildConfigurations = (
				42D3F93726E1E75E00C3EFB5 /* Debug */,
				42D3F93826E1E75E00C3EFB5 /* Release */,
			);
			defaultConfigurationIsVisible = 0;
			defaultConfigurationName = Release;
		};
		42D3F93926E1E75E00C3EFB5 /* Build configuration list for PBXNativeTarget "LinkBox WatchTests" */ = {
			isa = XCConfigurationList;
			buildConfigurations = (
				42D3F93A26E1E75E00C3EFB5 /* Debug */,
				42D3F93B26E1E75E00C3EFB5 /* Release */,
			);
			defaultConfigurationIsVisible = 0;
			defaultConfigurationName = Release;
		};
		42D3F93C26E1E75E00C3EFB5 /* Build configuration list for PBXNativeTarget "LinkBox WatchUITests" */ = {
			isa = XCConfigurationList;
			buildConfigurations = (
				42D3F93D26E1E75E00C3EFB5 /* Debug */,
				42D3F93E26E1E75E00C3EFB5 /* Release */,
			);
			defaultConfigurationIsVisible = 0;
			defaultConfigurationName = Release;
		};
/* End XCConfigurationList section */

/* Begin XCVersionGroup section */
		42D3F88A26E1CE4D00C3EFB5 /* LinkBox.xcdatamodeld */ = {
			isa = XCVersionGroup;
			children = (
				42D3F88B26E1CE4D00C3EFB5 /* Shared.xcdatamodel */,
			);
			currentVersion = 42D3F88B26E1CE4D00C3EFB5 /* Shared.xcdatamodel */;
			path = LinkBox.xcdatamodeld;
			sourceTree = "<group>";
			versionGroupType = wrapper.xcdatamodel;
		};
		42D3F94626E1E81000C3EFB5 /* LinkBox.xcdatamodeld */ = {
			isa = XCVersionGroup;
			children = (
				42D3F94726E1E81000C3EFB5 /* Shared.xcdatamodel */,
			);
			currentVersion = 42D3F94726E1E81000C3EFB5 /* Shared.xcdatamodel */;
			name = LinkBox.xcdatamodeld;
			path = ../Shared/LinkBox.xcdatamodeld;
			sourceTree = "<group>";
			versionGroupType = wrapper.xcdatamodel;
		};
/* End XCVersionGroup section */
	};
	rootObject = 42D3F88526E1CE4D00C3EFB5 /* Project object */;
}
